
Microsoft Visual Studio Solution File, Format Version 12.00
# Visual Studio Version 16
VisualStudioVersion = 16.0.30320.27
MinimumVisualStudioVersion = 10.0.40219.1
Project("{FAE04EC0-301F-11D3-BF4B-00C04F79EFBC}") = "Agut_ASP_Test_App", "Agut_ASP_Test_App\Agut_ASP_Test_App.csproj", "{C0FCB605-DD01-4CF8-B0DB-7180682926DF}"
EndProject
Global
	GlobalSection(SolutionConfigurationPlatforms) = preSolution
		Debug|Any CPU = Debug|Any CPU
		Release|Any CPU = Release|Any CPU
	EndGlobalSection
	GlobalSection(ProjectConfigurationPlatforms) = postSolution
		{C0FCB605-DD01-4CF8-B0DB-7180682926DF}.Debug|Any CPU.ActiveCfg = Debug|Any CPU
		{C0FCB605-DD01-4CF8-B0DB-7180682926DF}.Debug|Any CPU.Build.0 = Debug|Any CPU
		{C0FCB605-DD01-4CF8-B0DB-7180682926DF}.Release|Any CPU.ActiveCfg = Release|Any CPU
		{C0FCB605-DD01-4CF8-B0DB-7180682926DF}.Release|Any CPU.Build.0 = Release|Any CPU
	EndGlobalSection
	GlobalSection(SolutionProperties) = preSolution
		HideSolutionNode = FALSE
	EndGlobalSection
	GlobalSection(ExtensibilityGlobals) = postSolution
		SolutionGuid = {D3A0CF69-8ED6-48B4-83A9-19D6BEC94EC3}
	EndGlobalSection
EndGlobal
